
Microsoft Visual Studio Solution File, Format Version 12.00
# Visual Studio Version 17
VisualStudioVersion = 17.0.31903.59
MinimumVisualStudioVersion = 10.0.40219.1
Project("{FAE04EC0-301F-11D3-BF4B-00C04F79EFBC}") = "FileSystem.Domain", "FileSystem.Domain\FileSystem.Domain.csproj", "{E75AD879-3316-4517-9ABB-7238CB2DCC60}"
EndProject
Project("{FAE04EC0-301F-11D3-BF4B-00C04F79EFBC}") = "FileSystem.Tests", "FileSystem.Tests\FileSystem.Tests.csproj", "{BB747A5A-7556-4CD8-8D87-EFF9CD662842}"
EndProject
Project("{FAE04EC0-301F-11D3-BF4B-00C04F79EFBC}") = "FileSystem.Console", "FileSystem.Console\FileSystem.Console.csproj", "{F660202A-3F4B-46BB-972D-943D6DDF627C}"
EndProject
Global
	GlobalSection(SolutionConfigurationPlatforms) = preSolution
		Debug|Any CPU = Debug|Any CPU
		Release|Any CPU = Release|Any CPU
	EndGlobalSection
	GlobalSection(SolutionProperties) = preSolution
		HideSolutionNode = FALSE
	EndGlobalSection
	GlobalSection(ProjectConfigurationPlatforms) = postSolution
		{E75AD879-3316-4517-9ABB-7238CB2DCC60}.Debug|Any CPU.ActiveCfg = Debug|Any CPU
		{E75AD879-3316-4517-9ABB-7238CB2DCC60}.Debug|Any CPU.Build.0 = Debug|Any CPU
		{E75AD879-3316-4517-9ABB-7238CB2DCC60}.Release|Any CPU.ActiveCfg = Release|Any CPU
		{E75AD879-3316-4517-9ABB-7238CB2DCC60}.Release|Any CPU.Build.0 = Release|Any CPU
		{BB747A5A-7556-4CD8-8D87-EFF9CD662842}.Debug|Any CPU.ActiveCfg = Debug|Any CPU
		{BB747A5A-7556-4CD8-8D87-EFF9CD662842}.Debug|Any CPU.Build.0 = Debug|Any CPU
		{BB747A5A-7556-4CD8-8D87-EFF9CD662842}.Release|Any CPU.ActiveCfg = Release|Any CPU
		{BB747A5A-7556-4CD8-8D87-EFF9CD662842}.Release|Any CPU.Build.0 = Release|Any CPU
		{F660202A-3F4B-46BB-972D-943D6DDF627C}.Debug|Any CPU.ActiveCfg = Debug|Any CPU
		{F660202A-3F4B-46BB-972D-943D6DDF627C}.Debug|Any CPU.Build.0 = Debug|Any CPU
		{F660202A-3F4B-46BB-972D-943D6DDF627C}.Release|Any CPU.ActiveCfg = Release|Any CPU
		{F660202A-3F4B-46BB-972D-943D6DDF627C}.Release|Any CPU.Build.0 = Release|Any CPU
	EndGlobalSection
EndGlobal
